
Microsoft Visual Studio Solution File, Format Version 12.00
# Visual Studio 15
VisualStudioVersion = 15.0.27428.2015
MinimumVisualStudioVersion = 10.0.40219.1
Project("{888888A0-9F3D-457C-B088-3A5042F75D52}") = "CalcQE", "CalcQE\CalcQE.pyproj", "{A18FB727-2022-43A8-86EA-782F80DE60C7}"
EndProject
Global
	GlobalSection(SolutionConfigurationPlatforms) = preSolution
		Debug|Any CPU = Debug|Any CPU
		Release|Any CPU = Release|Any CPU
	EndGlobalSection
	GlobalSection(ProjectConfigurationPlatforms) = postSolution
		{A18FB727-2022-43A8-86EA-782F80DE60C7}.Debug|Any CPU.ActiveCfg = Debug|Any CPU
		{A18FB727-2022-43A8-86EA-782F80DE60C7}.Release|Any CPU.ActiveCfg = Release|Any CPU
	EndGlobalSection
	GlobalSection(SolutionProperties) = preSolution
		HideSolutionNode = FALSE
	EndGlobalSection
	GlobalSection(ExtensibilityGlobals) = postSolution
		SolutionGuid = {50A90FD6-CA09-429C-8242-A9B6FA520E2D}
	EndGlobalSection
EndGlobal
